{
  "requires": true,
  "lockfileVersion": 1,
  "dependencies": {
    "flag-icon-css": {
      "version": "3.4.0",
      "resolved": "https://registry.npmjs.org/flag-icon-css/-/flag-icon-css-3.4.0.tgz",
      "integrity": "sha512-5W4a1QBmej8yTJKbr+hX2gwgk21Wd3Pe3sEHpLVBSfcfnxR/C7QGHq01zViW5JIsw2vbYroGAqbUFe8APEZygg=="
    }
  }
}
